
Microsoft Visual Studio Solution File, Format Version 12.00
# Visual Studio 15
VisualStudioVersion = 15.0.28307.271
MinimumVisualStudioVersion = 10.0.40219.1
Project("{9A19103F-16F7-4668-BE54-9A1E7A4F7556}") = "LoFuUnit", "src\LoFuUnit\LoFuUnit.csproj", "{188150DC-B118-48C0-8456-EBB1364BD8AE}"
EndProject
Project("{2150E333-8FDC-42A3-9474-1A3956D46DE8}") = "src", "src", "{910E5181-2825-4A3A-AC64-43B8108AE9B7}"
EndProject
Project("{2150E333-8FDC-42A3-9474-1A3956D46DE8}") = "tests", "tests", "{11395F75-D3C8-41AA-B33E-BD0B60F44FCD}"
EndProject
Project("{9A19103F-16F7-4668-BE54-9A1E7A4F7556}") = "LoFuUnit.Tests", "tests\LoFuUnit.Tests\LoFuUnit.Tests.csproj", "{839BE64D-747E-4DB8-B7FA-E76E5927AC95}"
EndProject
Project("{9A19103F-16F7-4668-BE54-9A1E7A4F7556}") = "LoFuUnit.NUnit", "src\LoFuUnit.NUnit\LoFuUnit.NUnit.csproj", "{3353C63A-526F-4BCD-AE6C-A81E35E68746}"
EndProject
Project("{9A19103F-16F7-4668-BE54-9A1E7A4F7556}") = "LoFuUnit.Xunit", "src\LoFuUnit.Xunit\LoFuUnit.Xunit.csproj", "{3C10DC34-CDE9-43F2-B4F5-F4D2425E07A5}"
EndProject
Project("{9A19103F-16F7-4668-BE54-9A1E7A4F7556}") = "LoFuUnit.MSTest", "src\LoFuUnit.MSTest\LoFuUnit.MSTest.csproj", "{B75B6D88-44BF-490C-9B3C-439FC2DB833D}"
EndProject
Project("{2150E333-8FDC-42A3-9474-1A3956D46DE8}") = "samples", "samples", "{5C68D07C-EAA8-4BA1-811D-7DB4A39305D3}"
EndProject
Project("{9A19103F-16F7-4668-BE54-9A1E7A4F7556}") = "LoFuUnit.Sample", "samples\LoFuUnit.Sample\LoFuUnit.Sample.csproj", "{D06EB8AA-BA1F-48A4-A06D-428B0688A34B}"
EndProject
Project("{9A19103F-16F7-4668-BE54-9A1E7A4F7556}") = "LoFuUnit.Sample.NUnit", "samples\LoFuUnit.Sample.NUnit\LoFuUnit.Sample.NUnit.csproj", "{13195F66-4F54-4C97-BD3A-6CC18FDAEB93}"
EndProject
Project("{9A19103F-16F7-4668-BE54-9A1E7A4F7556}") = "LoFuUnit.Sample.Xunit", "samples\LoFuUnit.Sample.Xunit\LoFuUnit.Sample.Xunit.csproj", "{ECD3C892-6704-4E6C-B080-AC26B36DB328}"
EndProject
Project("{9A19103F-16F7-4668-BE54-9A1E7A4F7556}") = "LoFuUnit.Sample.MSTest", "samples\LoFuUnit.Sample.MSTest\LoFuUnit.Sample.MSTest.csproj", "{C55953D6-5BDD-4EFD-AD8C-29D025B78254}"
EndProject
Project("{9A19103F-16F7-4668-BE54-9A1E7A4F7556}") = "LoFuUnit.AutoMoq", "src\LoFuUnit.AutoMoq\LoFuUnit.AutoMoq.csproj", "{EB291F31-7395-44A1-8678-DB8D17707DA8}"
EndProject
Project("{9A19103F-16F7-4668-BE54-9A1E7A4F7556}") = "LoFuUnit.Sample.AutoMoq", "samples\LoFuUnit.Sample.AutoMoq\LoFuUnit.Sample.AutoMoq.csproj", "{E964DADB-124A-486A-85CD-B57A69BDD66C}"
EndProject
Project("{9A19103F-16F7-4668-BE54-9A1E7A4F7556}") = "LoFuUnit.AutoFakeItEasy", "src\LoFuUnit.AutoFakeItEasy\LoFuUnit.AutoFakeItEasy.csproj", "{7E30D914-9BB7-4415-9328-BEB48D359E1C}"
EndProject
Project("{9A19103F-16F7-4668-BE54-9A1E7A4F7556}") = "LoFuUnit.Sample.AutoFakeItEasy", "samples\LoFuUnit.Sample.AutoFakeItEasy\LoFuUnit.Sample.AutoFakeItEasy.csproj", "{9A0FAC1D-0DB0-442C-A1E2-C65086F2C8E4}"
EndProject
Project("{9A19103F-16F7-4668-BE54-9A1E7A4F7556}") = "LoFuUnit.AutoNSubstitute", "src\LoFuUnit.AutoNSubstitute\LoFuUnit.AutoNSubstitute.csproj", "{35BF8F40-6433-4DFE-85C3-E8A271DC928F}"
EndProject
Project("{9A19103F-16F7-4668-BE54-9A1E7A4F7556}") = "LoFuUnit.Sample.AutoNSubstitute", "samples\LoFuUnit.Sample.AutoNSubstitute\LoFuUnit.Sample.AutoNSubstitute.csproj", "{EA4F7031-8E71-4BB3-940C-74B7308C9571}"
EndProject
Project("{9A19103F-16F7-4668-BE54-9A1E7A4F7556}") = "LoFuUnit.Auto", "src\LoFuUnit.Auto\LoFuUnit.Auto.csproj", "{F26E6025-AEF6-4851-AB86-F2A77E3A06F5}"
EndProject
Global
	GlobalSection(SolutionConfigurationPlatforms) = preSolution
		Debug|Any CPU = Debug|Any CPU
		Release|Any CPU = Release|Any CPU
	EndGlobalSection
	GlobalSection(ProjectConfigurationPlatforms) = postSolution
		{188150DC-B118-48C0-8456-EBB1364BD8AE}.Debug|Any CPU.ActiveCfg = Debug|Any CPU
		{188150DC-B118-48C0-8456-EBB1364BD8AE}.Debug|Any CPU.Build.0 = Debug|Any CPU
		{188150DC-B118-48C0-8456-EBB1364BD8AE}.Release|Any CPU.ActiveCfg = Release|Any CPU
		{188150DC-B118-48C0-8456-EBB1364BD8AE}.Release|Any CPU.Build.0 = Release|Any CPU
		{839BE64D-747E-4DB8-B7FA-E76E5927AC95}.Debug|Any CPU.ActiveCfg = Debug|Any CPU
		{839BE64D-747E-4DB8-B7FA-E76E5927AC95}.Debug|Any CPU.Build.0 = Debug|Any CPU
		{839BE64D-747E-4DB8-B7FA-E76E5927AC95}.Release|Any CPU.ActiveCfg = Release|Any CPU
		{839BE64D-747E-4DB8-B7FA-E76E5927AC95}.Release|Any CPU.Build.0 = Release|Any CPU
		{3353C63A-526F-4BCD-AE6C-A81E35E68746}.Debug|Any CPU.ActiveCfg = Debug|Any CPU
		{3353C63A-526F-4BCD-AE6C-A81E35E68746}.Debug|Any CPU.Build.0 = Debug|Any CPU
		{3353C63A-526F-4BCD-AE6C-A81E35E68746}.Release|Any CPU.ActiveCfg = Release|Any CPU
		{3353C63A-526F-4BCD-AE6C-A81E35E68746}.Release|Any CPU.Build.0 = Release|Any CPU
		{3C10DC34-CDE9-43F2-B4F5-F4D2425E07A5}.Debug|Any CPU.ActiveCfg = Debug|Any CPU
		{3C10DC34-CDE9-43F2-B4F5-F4D2425E07A5}.Debug|Any CPU.Build.0 = Debug|Any CPU
		{3C10DC34-CDE9-43F2-B4F5-F4D2425E07A5}.Release|Any CPU.ActiveCfg = Release|Any CPU
		{3C10DC34-CDE9-43F2-B4F5-F4D2425E07A5}.Release|Any CPU.Build.0 = Release|Any CPU
		{B75B6D88-44BF-490C-9B3C-439FC2DB833D}.Debug|Any CPU.ActiveCfg = Debug|Any CPU
		{B75B6D88-44BF-490C-9B3C-439FC2DB833D}.Debug|Any CPU.Build.0 = Debug|Any CPU
		{B75B6D88-44BF-490C-9B3C-439FC2DB833D}.Release|Any CPU.ActiveCfg = Release|Any CPU
		{B75B6D88-44BF-490C-9B3C-439FC2DB833D}.Release|Any CPU.Build.0 = Release|Any CPU
		{D06EB8AA-BA1F-48A4-A06D-428B0688A34B}.Debug|Any CPU.ActiveCfg = Debug|Any CPU
		{D06EB8AA-BA1F-48A4-A06D-428B0688A34B}.Debug|Any CPU.Build.0 = Debug|Any CPU
		{D06EB8AA-BA1F-48A4-A06D-428B0688A34B}.Release|Any CPU.ActiveCfg = Release|Any CPU
		{D06EB8AA-BA1F-48A4-A06D-428B0688A34B}.Release|Any CPU.Build.0 = Release|Any CPU
		{13195F66-4F54-4C97-BD3A-6CC18FDAEB93}.Debug|Any CPU.ActiveCfg = Debug|Any CPU
		{13195F66-4F54-4C97-BD3A-6CC18FDAEB93}.Debug|Any CPU.Build.0 = Debug|Any CPU
		{13195F66-4F54-4C97-BD3A-6CC18FDAEB93}.Release|Any CPU.ActiveCfg = Release|Any CPU
		{13195F66-4F54-4C97-BD3A-6CC18FDAEB93}.Release|Any CPU.Build.0 = Release|Any CPU
		{ECD3C892-6704-4E6C-B080-AC26B36DB328}.Debug|Any CPU.ActiveCfg = Debug|Any CPU
		{ECD3C892-6704-4E6C-B080-AC26B36DB328}.Debug|Any CPU.Build.0 = Debug|Any CPU
		{ECD3C892-6704-4E6C-B080-AC26B36DB328}.Release|Any CPU.ActiveCfg = Release|Any CPU
		{ECD3C892-6704-4E6C-B080-AC26B36DB328}.Release|Any CPU.Build.0 = Release|Any CPU
		{C55953D6-5BDD-4EFD-AD8C-29D025B78254}.Debug|Any CPU.ActiveCfg = Debug|Any CPU
		{C55953D6-5BDD-4EFD-AD8C-29D025B78254}.Debug|Any CPU.Build.0 = Debug|Any CPU
		{C55953D6-5BDD-4EFD-AD8C-29D025B78254}.Release|Any CPU.ActiveCfg = Release|Any CPU
		{C55953D6-5BDD-4EFD-AD8C-29D025B78254}.Release|Any CPU.Build.0 = Release|Any CPU
		{EB291F31-7395-44A1-8678-DB8D17707DA8}.Debug|Any CPU.ActiveCfg = Debug|Any CPU
		{EB291F31-7395-44A1-8678-DB8D17707DA8}.Debug|Any CPU.Build.0 = Debug|Any CPU
		{EB291F31-7395-44A1-8678-DB8D17707DA8}.Release|Any CPU.ActiveCfg = Release|Any CPU
		{EB291F31-7395-44A1-8678-DB8D17707DA8}.Release|Any CPU.Build.0 = Release|Any CPU
		{E964DADB-124A-486A-85CD-B57A69BDD66C}.Debug|Any CPU.ActiveCfg = Debug|Any CPU
		{E964DADB-124A-486A-85CD-B57A69BDD66C}.Debug|Any CPU.Build.0 = Debug|Any CPU
		{E964DADB-124A-486A-85CD-B57A69BDD66C}.Release|Any CPU.ActiveCfg = Release|Any CPU
		{E964DADB-124A-486A-85CD-B57A69BDD66C}.Release|Any CPU.Build.0 = Release|Any CPU
		{7E30D914-9BB7-4415-9328-BEB48D359E1C}.Debug|Any CPU.ActiveCfg = Debug|Any CPU
		{7E30D914-9BB7-4415-9328-BEB48D359E1C}.Debug|Any CPU.Build.0 = Debug|Any CPU
		{7E30D914-9BB7-4415-9328-BEB48D359E1C}.Release|Any CPU.ActiveCfg = Release|Any CPU
		{7E30D914-9BB7-4415-9328-BEB48D359E1C}.Release|Any CPU.Build.0 = Release|Any CPU
		{9A0FAC1D-0DB0-442C-A1E2-C65086F2C8E4}.Debug|Any CPU.ActiveCfg = Debug|Any CPU
		{9A0FAC1D-0DB0-442C-A1E2-C65086F2C8E4}.Debug|Any CPU.Build.0 = Debug|Any CPU
		{9A0FAC1D-0DB0-442C-A1E2-C65086F2C8E4}.Release|Any CPU.ActiveCfg = Release|Any CPU
		{9A0FAC1D-0DB0-442C-A1E2-C65086F2C8E4}.Release|Any CPU.Build.0 = Release|Any CPU
		{35BF8F40-6433-4DFE-85C3-E8A271DC928F}.Debug|Any CPU.ActiveCfg = Debug|Any CPU
		{35BF8F40-6433-4DFE-85C3-E8A271DC928F}.Debug|Any CPU.Build.0 = Debug|Any CPU
		{35BF8F40-6433-4DFE-85C3-E8A271DC928F}.Release|Any CPU.ActiveCfg = Release|Any CPU
		{35BF8F40-6433-4DFE-85C3-E8A271DC928F}.Release|Any CPU.Build.0 = Release|Any CPU
		{EA4F7031-8E71-4BB3-940C-74B7308C9571}.Debug|Any CPU.ActiveCfg = Debug|Any CPU
		{EA4F7031-8E71-4BB3-940C-74B7308C9571}.Debug|Any CPU.Build.0 = Debug|Any CPU
		{EA4F7031-8E71-4BB3-940C-74B7308C9571}.Release|Any CPU.ActiveCfg = Release|Any CPU
		{EA4F7031-8E71-4BB3-940C-74B7308C9571}.Release|Any CPU.Build.0 = Release|Any CPU
		{F26E6025-AEF6-4851-AB86-F2A77E3A06F5}.Debug|Any CPU.ActiveCfg = Debug|Any CPU
		{F26E6025-AEF6-4851-AB86-F2A77E3A06F5}.Debug|Any CPU.Build.0 = Debug|Any CPU
		{F26E6025-AEF6-4851-AB86-F2A77E3A06F5}.Release|Any CPU.ActiveCfg = Release|Any CPU
		{F26E6025-AEF6-4851-AB86-F2A77E3A06F5}.Release|Any CPU.Build.0 = Release|Any CPU
	EndGlobalSection
	GlobalSection(SolutionProperties) = preSolution
		HideSolutionNode = FALSE
	EndGlobalSection
	GlobalSection(NestedProjects) = preSolution
		{188150DC-B118-48C0-8456-EBB1364BD8AE} = {910E5181-2825-4A3A-AC64-43B8108AE9B7}
		{839BE64D-747E-4DB8-B7FA-E76E5927AC95} = {11395F75-D3C8-41AA-B33E-BD0B60F44FCD}
		{3353C63A-526F-4BCD-AE6C-A81E35E68746} = {910E5181-2825-4A3A-AC64-43B8108AE9B7}
		{3C10DC34-CDE9-43F2-B4F5-F4D2425E07A5} = {910E5181-2825-4A3A-AC64-43B8108AE9B7}
		{B75B6D88-44BF-490C-9B3C-439FC2DB833D} = {910E5181-2825-4A3A-AC64-43B8108AE9B7}
		{D06EB8AA-BA1F-48A4-A06D-428B0688A34B} = {5C68D07C-EAA8-4BA1-811D-7DB4A39305D3}
		{13195F66-4F54-4C97-BD3A-6CC18FDAEB93} = {5C68D07C-EAA8-4BA1-811D-7DB4A39305D3}
		{ECD3C892-6704-4E6C-B080-AC26B36DB328} = {5C68D07C-EAA8-4BA1-811D-7DB4A39305D3}
		{C55953D6-5BDD-4EFD-AD8C-29D025B78254} = {5C68D07C-EAA8-4BA1-811D-7DB4A39305D3}
		{EB291F31-7395-44A1-8678-DB8D17707DA8} = {910E5181-2825-4A3A-AC64-43B8108AE9B7}
		{E964DADB-124A-486A-85CD-B57A69BDD66C} = {5C68D07C-EAA8-4BA1-811D-7DB4A39305D3}
		{7E30D914-9BB7-4415-9328-BEB48D359E1C} = {910E5181-2825-4A3A-AC64-43B8108AE9B7}
		{9A0FAC1D-0DB0-442C-A1E2-C65086F2C8E4} = {5C68D07C-EAA8-4BA1-811D-7DB4A39305D3}
		{35BF8F40-6433-4DFE-85C3-E8A271DC928F} = {910E5181-2825-4A3A-AC64-43B8108AE9B7}
		{EA4F7031-8E71-4BB3-940C-74B7308C9571} = {5C68D07C-EAA8-4BA1-811D-7DB4A39305D3}
		{F26E6025-AEF6-4851-AB86-F2A77E3A06F5} = {910E5181-2825-4A3A-AC64-43B8108AE9B7}
	EndGlobalSection
	GlobalSection(ExtensibilityGlobals) = postSolution
		SolutionGuid = {ABBF2A9B-D3EF-4691-AAF0-E38A66C4A6EF}
	EndGlobalSection
EndGlobal
