
Microsoft Visual Studio Solution File, Format Version 12.00
# Visual Studio 15
VisualStudioVersion = 15.0.28307.271
MinimumVisualStudioVersion = 10.0.40219.1
Project("{9A19103F-16F7-4668-BE54-9A1E7A4F7556}") = "LoFuUnit", "src\LoFuUnit\LoFuUnit.csproj", "{188150DC-B118-48C0-8456-EBB1364BD8AE}"
EndProject
Project("{2150E333-8FDC-42A3-9474-1A3956D46DE8}") = "src", "src", "{910E5181-2825-4A3A-AC64-43B8108AE9B7}"
EndProject
Project("{2150E333-8FDC-42A3-9474-1A3956D46DE8}") = "tests", "tests", "{11395F75-D3C8-41AA-B33E-BD0B60F44FCD}"
EndProject
Project("{9A19103F-16F7-4668-BE54-9A1E7A4F7556}") = "LoFuUnit.Tests", "tests\LoFuUnit.Tests\LoFuUnit.Tests.csproj", "{839BE64D-747E-4DB8-B7FA-E76E5927AC95}"
EndProject
Project("{9A19103F-16F7-4668-BE54-9A1E7A4F7556}") = "LoFuUnit.NUnit", "src\LoFuUnit.NUnit\LoFuUnit.NUnit.csproj", "{3353C63A-526F-4BCD-AE6C-A81E35E68746}"
EndProject
Project("{9A19103F-16F7-4668-BE54-9A1E7A4F7556}") = "LoFuUnit.Xunit", "src\LoFuUnit.Xunit\LoFuUnit.Xunit.csproj", "{3C10DC34-CDE9-43F2-B4F5-F4D2425E07A5}"
EndProject
Project("{9A19103F-16F7-4668-BE54-9A1E7A4F7556}") = "LoFoUnit.MSTest", "src\LoFoUnit.MSTest\LoFoUnit.MSTest.csproj", "{B75B6D88-44BF-490C-9B3C-439FC2DB833D}"
EndProject
Project("{2150E333-8FDC-42A3-9474-1A3956D46DE8}") = "samples", "samples", "{5C68D07C-EAA8-4BA1-811D-7DB4A39305D3}"
EndProject
Project("{FAE04EC0-301F-11D3-BF4B-00C04F79EFBC}") = "LoFuUnit.Sample", "samples\LoFuUnit.Sample\LoFuUnit.Sample.csproj", "{D06EB8AA-BA1F-48A4-A06D-428B0688A34B}"
EndProject
Project("{FAE04EC0-301F-11D3-BF4B-00C04F79EFBC}") = "LoFuUnit.Sample.NUnit", "samples\LoFuUnit.Sample.NUnit\LoFuUnit.Sample.NUnit.csproj", "{13195F66-4F54-4C97-BD3A-6CC18FDAEB93}"
EndProject
Project("{FAE04EC0-301F-11D3-BF4B-00C04F79EFBC}") = "LoFuUnit.Sample.Xunit", "samples\LoFuUnit.Sample.Xunit\LoFuUnit.Sample.Xunit.csproj", "{ECD3C892-6704-4E6C-B080-AC26B36DB328}"
EndProject
Project("{FAE04EC0-301F-11D3-BF4B-00C04F79EFBC}") = "LoFoUnit.Sample.MSTest", "samples\LoFoUnit.Sample.MSTest\LoFoUnit.Sample.MSTest.csproj", "{C55953D6-5BDD-4EFD-AD8C-29D025B78254}"
EndProject
Global
	GlobalSection(SolutionConfigurationPlatforms) = preSolution
		Debug|Any CPU = Debug|Any CPU
		Release|Any CPU = Release|Any CPU
	EndGlobalSection
	GlobalSection(ProjectConfigurationPlatforms) = postSolution
		{188150DC-B118-48C0-8456-EBB1364BD8AE}.Debug|Any CPU.ActiveCfg = Debug|Any CPU
		{188150DC-B118-48C0-8456-EBB1364BD8AE}.Debug|Any CPU.Build.0 = Debug|Any CPU
		{188150DC-B118-48C0-8456-EBB1364BD8AE}.Release|Any CPU.ActiveCfg = Release|Any CPU
		{188150DC-B118-48C0-8456-EBB1364BD8AE}.Release|Any CPU.Build.0 = Release|Any CPU
		{839BE64D-747E-4DB8-B7FA-E76E5927AC95}.Debug|Any CPU.ActiveCfg = Debug|Any CPU
		{839BE64D-747E-4DB8-B7FA-E76E5927AC95}.Debug|Any CPU.Build.0 = Debug|Any CPU
		{839BE64D-747E-4DB8-B7FA-E76E5927AC95}.Release|Any CPU.ActiveCfg = Release|Any CPU
		{839BE64D-747E-4DB8-B7FA-E76E5927AC95}.Release|Any CPU.Build.0 = Release|Any CPU
		{3353C63A-526F-4BCD-AE6C-A81E35E68746}.Debug|Any CPU.ActiveCfg = Debug|Any CPU
		{3353C63A-526F-4BCD-AE6C-A81E35E68746}.Debug|Any CPU.Build.0 = Debug|Any CPU
		{3353C63A-526F-4BCD-AE6C-A81E35E68746}.Release|Any CPU.ActiveCfg = Release|Any CPU
		{3353C63A-526F-4BCD-AE6C-A81E35E68746}.Release|Any CPU.Build.0 = Release|Any CPU
		{3C10DC34-CDE9-43F2-B4F5-F4D2425E07A5}.Debug|Any CPU.ActiveCfg = Debug|Any CPU
		{3C10DC34-CDE9-43F2-B4F5-F4D2425E07A5}.Debug|Any CPU.Build.0 = Debug|Any CPU
		{3C10DC34-CDE9-43F2-B4F5-F4D2425E07A5}.Release|Any CPU.ActiveCfg = Release|Any CPU
		{3C10DC34-CDE9-43F2-B4F5-F4D2425E07A5}.Release|Any CPU.Build.0 = Release|Any CPU
		{B75B6D88-44BF-490C-9B3C-439FC2DB833D}.Debug|Any CPU.ActiveCfg = Debug|Any CPU
		{B75B6D88-44BF-490C-9B3C-439FC2DB833D}.Debug|Any CPU.Build.0 = Debug|Any CPU
		{B75B6D88-44BF-490C-9B3C-439FC2DB833D}.Release|Any CPU.ActiveCfg = Release|Any CPU
		{B75B6D88-44BF-490C-9B3C-439FC2DB833D}.Release|Any CPU.Build.0 = Release|Any CPU
		{D06EB8AA-BA1F-48A4-A06D-428B0688A34B}.Debug|Any CPU.ActiveCfg = Debug|Any CPU
		{D06EB8AA-BA1F-48A4-A06D-428B0688A34B}.Debug|Any CPU.Build.0 = Debug|Any CPU
		{D06EB8AA-BA1F-48A4-A06D-428B0688A34B}.Release|Any CPU.ActiveCfg = Release|Any CPU
		{D06EB8AA-BA1F-48A4-A06D-428B0688A34B}.Release|Any CPU.Build.0 = Release|Any CPU
		{13195F66-4F54-4C97-BD3A-6CC18FDAEB93}.Debug|Any CPU.ActiveCfg = Debug|Any CPU
		{13195F66-4F54-4C97-BD3A-6CC18FDAEB93}.Debug|Any CPU.Build.0 = Debug|Any CPU
		{13195F66-4F54-4C97-BD3A-6CC18FDAEB93}.Release|Any CPU.ActiveCfg = Release|Any CPU
		{13195F66-4F54-4C97-BD3A-6CC18FDAEB93}.Release|Any CPU.Build.0 = Release|Any CPU
		{ECD3C892-6704-4E6C-B080-AC26B36DB328}.Debug|Any CPU.ActiveCfg = Debug|Any CPU
		{ECD3C892-6704-4E6C-B080-AC26B36DB328}.Debug|Any CPU.Build.0 = Debug|Any CPU
		{ECD3C892-6704-4E6C-B080-AC26B36DB328}.Release|Any CPU.ActiveCfg = Release|Any CPU
		{ECD3C892-6704-4E6C-B080-AC26B36DB328}.Release|Any CPU.Build.0 = Release|Any CPU
		{C55953D6-5BDD-4EFD-AD8C-29D025B78254}.Debug|Any CPU.ActiveCfg = Debug|Any CPU
		{C55953D6-5BDD-4EFD-AD8C-29D025B78254}.Debug|Any CPU.Build.0 = Debug|Any CPU
		{C55953D6-5BDD-4EFD-AD8C-29D025B78254}.Release|Any CPU.ActiveCfg = Release|Any CPU
		{C55953D6-5BDD-4EFD-AD8C-29D025B78254}.Release|Any CPU.Build.0 = Release|Any CPU
	EndGlobalSection
	GlobalSection(SolutionProperties) = preSolution
		HideSolutionNode = FALSE
	EndGlobalSection
	GlobalSection(NestedProjects) = preSolution
		{188150DC-B118-48C0-8456-EBB1364BD8AE} = {910E5181-2825-4A3A-AC64-43B8108AE9B7}
		{839BE64D-747E-4DB8-B7FA-E76E5927AC95} = {11395F75-D3C8-41AA-B33E-BD0B60F44FCD}
		{3353C63A-526F-4BCD-AE6C-A81E35E68746} = {910E5181-2825-4A3A-AC64-43B8108AE9B7}
		{3C10DC34-CDE9-43F2-B4F5-F4D2425E07A5} = {910E5181-2825-4A3A-AC64-43B8108AE9B7}
		{B75B6D88-44BF-490C-9B3C-439FC2DB833D} = {910E5181-2825-4A3A-AC64-43B8108AE9B7}
		{D06EB8AA-BA1F-48A4-A06D-428B0688A34B} = {5C68D07C-EAA8-4BA1-811D-7DB4A39305D3}
		{13195F66-4F54-4C97-BD3A-6CC18FDAEB93} = {5C68D07C-EAA8-4BA1-811D-7DB4A39305D3}
		{ECD3C892-6704-4E6C-B080-AC26B36DB328} = {5C68D07C-EAA8-4BA1-811D-7DB4A39305D3}
		{C55953D6-5BDD-4EFD-AD8C-29D025B78254} = {5C68D07C-EAA8-4BA1-811D-7DB4A39305D3}
	EndGlobalSection
	GlobalSection(ExtensibilityGlobals) = postSolution
		SolutionGuid = {ABBF2A9B-D3EF-4691-AAF0-E38A66C4A6EF}
	EndGlobalSection
EndGlobal
